
Microsoft Visual Studio Solution File, Format Version 12.00
# Visual Studio 15
VisualStudioVersion = 15.0.28307.539
MinimumVisualStudioVersion = 10.0.40219.1
Project("{8BC9CEB8-8B4A-11D0-8D11-00A0C91BC942}") = "DataStructure_Array_CycleQueue", "DataStructure_Array_CycleQueue\DataStructure_Array_CycleQueue.vcxproj", "{D6604A2D-B282-4591-ACB5-CD0771834F8F}"
EndProject
Global
	GlobalSection(SolutionConfigurationPlatforms) = preSolution
		Debug|x64 = Debug|x64
		Debug|x86 = Debug|x86
		Release|x64 = Release|x64
		Release|x86 = Release|x86
	EndGlobalSection
	GlobalSection(ProjectConfigurationPlatforms) = postSolution
		{D6604A2D-B282-4591-ACB5-CD0771834F8F}.Debug|x64.ActiveCfg = Debug|x64
		{D6604A2D-B282-4591-ACB5-CD0771834F8F}.Debug|x64.Build.0 = Debug|x64
		{D6604A2D-B282-4591-ACB5-CD0771834F8F}.Debug|x86.ActiveCfg = Debug|Win32
		{D6604A2D-B282-4591-ACB5-CD0771834F8F}.Debug|x86.Build.0 = Debug|Win32
		{D6604A2D-B282-4591-ACB5-CD0771834F8F}.Release|x64.ActiveCfg = Release|x64
		{D6604A2D-B282-4591-ACB5-CD0771834F8F}.Release|x64.Build.0 = Release|x64
		{D6604A2D-B282-4591-ACB5-CD0771834F8F}.Release|x86.ActiveCfg = Release|Win32
		{D6604A2D-B282-4591-ACB5-CD0771834F8F}.Release|x86.Build.0 = Release|Win32
	EndGlobalSection
	GlobalSection(SolutionProperties) = preSolution
		HideSolutionNode = FALSE
	EndGlobalSection
	GlobalSection(ExtensibilityGlobals) = postSolution
		SolutionGuid = {F09D7B62-C954-42AF-9B30-E212B923A660}
	EndGlobalSection
EndGlobal
