
Microsoft Visual Studio Solution File, Format Version 12.00
# Visual Studio 15
VisualStudioVersion = 15.0.28307.271
MinimumVisualStudioVersion = 10.0.40219.1
Project("{8BC9CEB8-8B4A-11D0-8D11-00A0C91BC942}") = "DataStructure_Array_Stack", "DataStructure_Array_Stack\DataStructure_Array_Stack.vcxproj", "{986F944D-33A5-4FA2-B235-9B09DB1B936D}"
EndProject
Global
	GlobalSection(SolutionConfigurationPlatforms) = preSolution
		Debug|x64 = Debug|x64
		Debug|x86 = Debug|x86
		Release|x64 = Release|x64
		Release|x86 = Release|x86
	EndGlobalSection
	GlobalSection(ProjectConfigurationPlatforms) = postSolution
		{986F944D-33A5-4FA2-B235-9B09DB1B936D}.Debug|x64.ActiveCfg = Debug|x64
		{986F944D-33A5-4FA2-B235-9B09DB1B936D}.Debug|x64.Build.0 = Debug|x64
		{986F944D-33A5-4FA2-B235-9B09DB1B936D}.Debug|x86.ActiveCfg = Debug|Win32
		{986F944D-33A5-4FA2-B235-9B09DB1B936D}.Debug|x86.Build.0 = Debug|Win32
		{986F944D-33A5-4FA2-B235-9B09DB1B936D}.Release|x64.ActiveCfg = Release|x64
		{986F944D-33A5-4FA2-B235-9B09DB1B936D}.Release|x64.Build.0 = Release|x64
		{986F944D-33A5-4FA2-B235-9B09DB1B936D}.Release|x86.ActiveCfg = Release|Win32
		{986F944D-33A5-4FA2-B235-9B09DB1B936D}.Release|x86.Build.0 = Release|Win32
	EndGlobalSection
	GlobalSection(SolutionProperties) = preSolution
		HideSolutionNode = FALSE
	EndGlobalSection
	GlobalSection(ExtensibilityGlobals) = postSolution
		SolutionGuid = {CB85956B-7CDB-4738-986D-E83BA3F9F1AD}
	EndGlobalSection
EndGlobal
