
Microsoft Visual Studio Solution File, Format Version 12.00
# Visual Studio 15
VisualStudioVersion = 15.0.28307.572
MinimumVisualStudioVersion = 10.0.40219.1
Project("{8BC9CEB8-8B4A-11D0-8D11-00A0C91BC942}") = "DataStruct_Queue", "DataStruct_Queue\DataStruct_Queue.vcxproj", "{27A3C9ED-6A46-492E-A0B1-0DE7CADF514E}"
EndProject
Global
	GlobalSection(SolutionConfigurationPlatforms) = preSolution
		Debug|x64 = Debug|x64
		Debug|x86 = Debug|x86
		Release|x64 = Release|x64
		Release|x86 = Release|x86
	EndGlobalSection
	GlobalSection(ProjectConfigurationPlatforms) = postSolution
		{27A3C9ED-6A46-492E-A0B1-0DE7CADF514E}.Debug|x64.ActiveCfg = Debug|x64
		{27A3C9ED-6A46-492E-A0B1-0DE7CADF514E}.Debug|x64.Build.0 = Debug|x64
		{27A3C9ED-6A46-492E-A0B1-0DE7CADF514E}.Debug|x86.ActiveCfg = Debug|Win32
		{27A3C9ED-6A46-492E-A0B1-0DE7CADF514E}.Debug|x86.Build.0 = Debug|Win32
		{27A3C9ED-6A46-492E-A0B1-0DE7CADF514E}.Release|x64.ActiveCfg = Release|x64
		{27A3C9ED-6A46-492E-A0B1-0DE7CADF514E}.Release|x64.Build.0 = Release|x64
		{27A3C9ED-6A46-492E-A0B1-0DE7CADF514E}.Release|x86.ActiveCfg = Release|Win32
		{27A3C9ED-6A46-492E-A0B1-0DE7CADF514E}.Release|x86.Build.0 = Release|Win32
	EndGlobalSection
	GlobalSection(SolutionProperties) = preSolution
		HideSolutionNode = FALSE
	EndGlobalSection
	GlobalSection(ExtensibilityGlobals) = postSolution
		SolutionGuid = {A9BB0DB4-3577-4E2D-B525-996522A918FA}
	EndGlobalSection
EndGlobal
