
Microsoft Visual Studio Solution File, Format Version 12.00
# Visual Studio 15
VisualStudioVersion = 15.0.28307.271
MinimumVisualStudioVersion = 10.0.40219.1
Project("{8BC9CEB8-8B4A-11D0-8D11-00A0C91BC942}") = "Simple_Algorithm_Practise", "Simple_Algorithm_Practise\Simple_Algorithm_Practise.vcxproj", "{888B3E37-4FB7-469F-9E4B-861DBA43A578}"
EndProject
Global
	GlobalSection(SolutionConfigurationPlatforms) = preSolution
		Debug|x64 = Debug|x64
		Debug|x86 = Debug|x86
		Release|x64 = Release|x64
		Release|x86 = Release|x86
	EndGlobalSection
	GlobalSection(ProjectConfigurationPlatforms) = postSolution
		{888B3E37-4FB7-469F-9E4B-861DBA43A578}.Debug|x64.ActiveCfg = Debug|x64
		{888B3E37-4FB7-469F-9E4B-861DBA43A578}.Debug|x64.Build.0 = Debug|x64
		{888B3E37-4FB7-469F-9E4B-861DBA43A578}.Debug|x86.ActiveCfg = Debug|Win32
		{888B3E37-4FB7-469F-9E4B-861DBA43A578}.Debug|x86.Build.0 = Debug|Win32
		{888B3E37-4FB7-469F-9E4B-861DBA43A578}.Release|x64.ActiveCfg = Release|x64
		{888B3E37-4FB7-469F-9E4B-861DBA43A578}.Release|x64.Build.0 = Release|x64
		{888B3E37-4FB7-469F-9E4B-861DBA43A578}.Release|x86.ActiveCfg = Release|Win32
		{888B3E37-4FB7-469F-9E4B-861DBA43A578}.Release|x86.Build.0 = Release|Win32
	EndGlobalSection
	GlobalSection(SolutionProperties) = preSolution
		HideSolutionNode = FALSE
	EndGlobalSection
	GlobalSection(ExtensibilityGlobals) = postSolution
		SolutionGuid = {82EE621B-3EA4-4097-A929-3B68DF904B8E}
	EndGlobalSection
EndGlobal
