
Microsoft Visual Studio Solution File, Format Version 12.00
# Visual Studio 15
VisualStudioVersion = 15.0.28307.168
MinimumVisualStudioVersion = 10.0.40219.1
Project("{8BC9CEB8-8B4A-11D0-8D11-00A0C91BC942}") = "DataStructure_Binary_Search_Tree", "DataStructure_Binary_Search_Tree\DataStructure_Binary_Search_Tree.vcxproj", "{77F311E9-CDD6-4728-8D2B-A44EE8EC3CCE}"
EndProject
Global
	GlobalSection(SolutionConfigurationPlatforms) = preSolution
		Debug|x64 = Debug|x64
		Debug|x86 = Debug|x86
		Release|x64 = Release|x64
		Release|x86 = Release|x86
	EndGlobalSection
	GlobalSection(ProjectConfigurationPlatforms) = postSolution
		{77F311E9-CDD6-4728-8D2B-A44EE8EC3CCE}.Debug|x64.ActiveCfg = Debug|x64
		{77F311E9-CDD6-4728-8D2B-A44EE8EC3CCE}.Debug|x64.Build.0 = Debug|x64
		{77F311E9-CDD6-4728-8D2B-A44EE8EC3CCE}.Debug|x86.ActiveCfg = Debug|Win32
		{77F311E9-CDD6-4728-8D2B-A44EE8EC3CCE}.Debug|x86.Build.0 = Debug|Win32
		{77F311E9-CDD6-4728-8D2B-A44EE8EC3CCE}.Release|x64.ActiveCfg = Release|x64
		{77F311E9-CDD6-4728-8D2B-A44EE8EC3CCE}.Release|x64.Build.0 = Release|x64
		{77F311E9-CDD6-4728-8D2B-A44EE8EC3CCE}.Release|x86.ActiveCfg = Release|Win32
		{77F311E9-CDD6-4728-8D2B-A44EE8EC3CCE}.Release|x86.Build.0 = Release|Win32
	EndGlobalSection
	GlobalSection(SolutionProperties) = preSolution
		HideSolutionNode = FALSE
	EndGlobalSection
	GlobalSection(ExtensibilityGlobals) = postSolution
		SolutionGuid = {16A0F824-5A91-4826-B6D0-0EC2075CB145}
	EndGlobalSection
EndGlobal
